{
  "name": "segasync",
  "version": "1.0.0",
  "lockfileVersion": 2,
  "requires": true,
  "packages": {
    "": {
      "name": "segasync",
      "version": "1.0.0",
      "license": "ISC",
      "dependencies": {
        "undici": "^4.14.1"
      }
    },
    "node_modules/undici": {
      "version": "4.14.1",
      "resolved": "https://registry.npmjs.org/undici/-/undici-4.14.1.tgz",
      "integrity": "sha512-WJ+g+XqiZcATcBaUeluCajqy4pEDcQfK1vy+Fo+bC4/mqXI9IIQD/XWHLS70fkGUT6P52Drm7IFslO651OdLPQ==",
      "engines": {
        "node": ">=12.18"
      }
    }
  },
  "dependencies": {
    "undici": {
      "version": "4.14.1",
      "resolved": "https://registry.npmjs.org/undici/-/undici-4.14.1.tgz",
      "integrity": "sha512-WJ+g+XqiZcATcBaUeluCajqy4pEDcQfK1vy+Fo+bC4/mqXI9IIQD/XWHLS70fkGUT6P52Drm7IFslO651OdLPQ=="
    }
  }
}
